
Microsoft Visual Studio Solution File, Format Version 12.00
# Visual Studio 2012
Project("{FAE04EC0-301F-11D3-BF4B-00C04F79EFBC}") = "reformers", "reformers\reformers.csproj", "{DFD54875-45CC-4E04-AE2F-58B7BE23BEBB}"
EndProject
Global
	GlobalSection(SolutionConfigurationPlatforms) = preSolution
		Debug|Any CPU = Debug|Any CPU
		Release|Any CPU = Release|Any CPU
	EndGlobalSection
	GlobalSection(ProjectConfigurationPlatforms) = postSolution
		{DFD54875-45CC-4E04-AE2F-58B7BE23BEBB}.Debug|Any CPU.ActiveCfg = Debug|Any CPU
		{DFD54875-45CC-4E04-AE2F-58B7BE23BEBB}.Debug|Any CPU.Build.0 = Debug|Any CPU
		{DFD54875-45CC-4E04-AE2F-58B7BE23BEBB}.Release|Any CPU.ActiveCfg = Release|Any CPU
		{DFD54875-45CC-4E04-AE2F-58B7BE23BEBB}.Release|Any CPU.Build.0 = Release|Any CPU
	EndGlobalSection
	GlobalSection(SolutionProperties) = preSolution
		HideSolutionNode = FALSE
	EndGlobalSection
EndGlobal
